# THIS IS AN AUTOGENERATED FILE. DO NOT EDIT THIS FILE DIRECTLY.
# yarn lockfile v1


"@biomejs/biome@^2.4.12":
  version "2.4.12"
  resolved "https://registry.yarnpkg.com/@biomejs/biome/-/biome-2.4.12.tgz#f306554152dabf74b9ca0196af56b800e4d60de3"
  integrity sha512-Rro7adQl3NLq/zJCIL98eElXKI8eEiBtoeu5TbXF/U3qbjuSc7Jb5rjUbeHHcquDWeSf3HnGP7XI5qGrlRk/pA==
  optionalDependencies:
    "@biomejs/cli-darwin-arm64" "2.4.12"
    "@biomejs/cli-darwin-x64" "2.4.12"
    "@biomejs/cli-linux-arm64" "2.4.12"
    "@biomejs/cli-linux-arm64-musl" "2.4.12"
    "@biomejs/cli-linux-x64" "2.4.12"
    "@biomejs/cli-linux-x64-musl" "2.4.12"
    "@biomejs/cli-win32-arm64" "2.4.12"
    "@biomejs/cli-win32-x64" "2.4.12"

"@biomejs/cli-darwin-arm64@2.4.12":
  version "2.4.12"
  resolved "https://registry.yarnpkg.com/@biomejs/cli-darwin-arm64/-/cli-darwin-arm64-2.4.12.tgz#5a67a718bbf69e5736b01a68af92e6ca8a5bb2fa"
  integrity sha512-BnMU4Pc3ciEVteVpZ0BK33MLr7X57F5w1dwDLDn+/iy/yTrA4Q/N2yftidFtsA4vrDh0FMXDpacNV/Tl3fbmng==

"@biomejs/cli-darwin-x64@2.4.12":
  version "2.4.12"
  resolved "https://registry.yarnpkg.com/@biomejs/cli-darwin-x64/-/cli-darwin-x64-2.4.12.tgz#78363ac83afd026cc3743392ff9cefa4213d5724"
  integrity sha512-x9uJ0bI1rJsWICp3VH8w/5PnAVD3A7SqzDpbrfoUQX1QyWrK5jSU4fRLo/wSgGeplCivbxBRKmt5Xq4/nWvq8A==

"@biomejs/cli-linux-arm64-musl@2.4.12":
  version "2.4.12"
  resolved "https://registry.yarnpkg.com/@biomejs/cli-linux-arm64-musl/-/cli-linux-arm64-musl-2.4.12.tgz#1623cbf793d7e0aabcad10e5e58479d4ed2a47f3"
  integrity sha512-FhfpkAAlKL6kwvcVap0Hgp4AhZmtd3YImg0kK1jd7C/aSoh4SfsB2f++yG1rU0lr8Y5MCFJrcSkmssiL9Xnnig==

"@biomejs/cli-linux-arm64@2.4.12":
  version "2.4.12"
  resolved "https://registry.yarnpkg.com/@biomejs/cli-linux-arm64/-/cli-linux-arm64-2.4.12.tgz#dd392f5fdbc988e7dd3d3a31dfa7eb62efa1316e"
  integrity sha512-tOwuCuZZtKi1jVzbk/5nXmIsziOB6yqN8c9r9QM0EJYPU6DpQWf11uBOSCfFKKM4H3d9ZoarvlgMfbcuD051Pw==

"@biomejs/cli-linux-x64-musl@2.4.12":
  version "2.4.12"
  resolved "https://registry.yarnpkg.com/@biomejs/cli-linux-x64-musl/-/cli-linux-x64-musl-2.4.12.tgz#c7617a734e5e962958ac2eb769be91fffb400dd0"
  integrity sha512-dwTIgZrGutzhkQCuvHynCkyW6hJxUuyZqKKO0YNfaS2GUoRO+tOvxXZqZB6SkWAOdfZTzwaw8IEdUnIkHKHoew==

"@biomejs/cli-linux-x64@2.4.12":
  version "2.4.12"
  resolved "https://registry.yarnpkg.com/@biomejs/cli-linux-x64/-/cli-linux-x64-2.4.12.tgz#ab149c1b44e4e6ddddc35c7018d8b919440b39ed"
  integrity sha512-8pFeAnLU9QdW9jCIslB/v82bI0lhBmz2ZAKc8pVMFPO0t0wAHsoEkrUQUbMkIorTRIjbqyNZHA3lEXavsPWYSw==

"@biomejs/cli-win32-arm64@2.4.12":
  version "2.4.12"
  resolved "https://registry.yarnpkg.com/@biomejs/cli-win32-arm64/-/cli-win32-arm64-2.4.12.tgz#965b264b86546635965d02b240fb1a604ca3b2fb"
  integrity sha512-B0DLnx0vA9ya/3v7XyCaP+/lCpnbWbMOfUFFve+xb5OxyYvdHaS55YsSddr228Y+JAFk58agCuZTsqNiw2a6ig==

"@biomejs/cli-win32-x64@2.4.12":
  version "2.4.12"
  resolved "https://registry.yarnpkg.com/@biomejs/cli-win32-x64/-/cli-win32-x64-2.4.12.tgz#ec05df80b2d25d5a54651bacdc5187a800e4f7f3"
  integrity sha512-yMckRzTyZ83hkk8iDFWswqSdU8tvZxspJKnYNh7JZr/zhZNOlzH13k4ecboU6MurKExCe2HUkH75pGI/O2JwGA==

"@tenedev/prettier-config@^1.1.1":
  version "1.1.1"
  resolved "https://registry.yarnpkg.com/@tenedev/prettier-config/-/prettier-config-1.1.1.tgz#6eb072e3e4e7af0b3495d6b3232f274440ef5e60"
  integrity sha512-C26tT5lhblH4Rddj1ITWWsjyFnhFEYXvNfQuW+KC8mU+dhqR+tUhgbmF+0FrtmhY+zNeKyOahjHUPZTMx6CHcQ==
  dependencies:
    prettier-plugin-packagejson "^3.0.0"
    sort-package-keys "^2.0.0"

detect-indent@^7.0.2:
  version "7.0.2"
  resolved "https://registry.yarnpkg.com/detect-indent/-/detect-indent-7.0.2.tgz#16c516bf75d4b2f759f68214554996d467c8d648"
  integrity sha512-y+8xyqdGLL+6sh0tVeHcfP/QDd8gUgbasolJJpY7NgeQGSZ739bDtSiaiDgtoicy+mtYB81dKLxO9xRhCyIB3A==

detect-newline@^4.0.1:
  version "4.0.1"
  resolved "https://registry.yarnpkg.com/detect-newline/-/detect-newline-4.0.1.tgz#fcefdb5713e1fb8cb2839b8b6ee22e6716ab8f23"
  integrity sha512-qE3Veg1YXzGHQhlA6jzebZN2qVf6NX+A7m7qlhCGG30dJixrAQhYOsJjsnBjJkCSmuOPpCk30145fr8FV0bzog==

fdir@^6.5.0:
  version "6.5.0"
  resolved "https://registry.yarnpkg.com/fdir/-/fdir-6.5.0.tgz#ed2ab967a331ade62f18d077dae192684d50d350"
  integrity sha512-tIbYtZbucOs0BRGqPJkshJUYdL+SDH7dVM8gjy+ERp3WAUjLEFJE+02kanyHtwjWOnwrKYBiwAmM0p4kLJAnXg==

git-hooks-list@^4.1.1:
  version "4.2.1"
  resolved "https://registry.yarnpkg.com/git-hooks-list/-/git-hooks-list-4.2.1.tgz#82b3ad119ec2da8a6d57228bd68d8e432afc418c"
  integrity sha512-WNvqJjOxxs/8ZP9+DWdwWJ7cDsd60NHf39XnD82pDVrKO5q7xfPqpkK6hwEAmBa/ZSEE4IOoR75EzbbIuwGlMw==

is-plain-obj@^4.1.0:
  version "4.1.0"
  resolved "https://registry.yarnpkg.com/is-plain-obj/-/is-plain-obj-4.1.0.tgz#d65025edec3657ce032fd7db63c97883eaed71f0"
  integrity sha512-+Pgi+vMuUNkJyExiMBt5IlFoMyKnr5zhJ4Uspz58WOhBF5QoIZkFyNHIbBAtHwzVAgk5RtndVNsDRN61/mmDqg==

picomatch@^4.0.3:
  version "4.0.3"
  resolved "https://registry.yarnpkg.com/picomatch/-/picomatch-4.0.3.tgz#796c76136d1eead715db1e7bad785dedd695a042"
  integrity sha512-5gTmgEY/sqK6gFXLIsQNH19lWb4ebPDLA4SdLP7dsWkIXHWlG66oPuVvXSGFPppYZz8ZDZq0dYYrbHfBCVUb1Q==

prettier-plugin-packagejson@^3.0.0:
  version "3.0.0"
  resolved "https://registry.yarnpkg.com/prettier-plugin-packagejson/-/prettier-plugin-packagejson-3.0.0.tgz#11f64b463b6da8c73ce86dabde529699cde3f6d8"
  integrity sha512-z8/QmPSqx/ANvvQMWJSkSq1+ihBXeuwDEYdjX3ZjRJ5Ty1k7vGbFQfhzk2eDe0rwS/TNyRjWK/qnjJEStAOtDw==
  dependencies:
    sort-package-json "3.6.0"

prettier@3.9.4:
  version "3.9.4"
  resolved "https://registry.yarnpkg.com/prettier/-/prettier-3.9.4.tgz#a9c477cf1614376bd1f6bbc593d8c0d414bcec87"
  integrity sha512-yWG/o/4oJfo036EKAfK6ACAoDOfHeRHx4tuxkfBZiauURiaSmYwlpOr5LQqKtIkRD2z1PLteme2WoxEnj4tHTg==

semver@^7.7.3:
  version "7.7.4"
  resolved "https://registry.yarnpkg.com/semver/-/semver-7.7.4.tgz#28464e36060e991fa7a11d0279d2d3f3b57a7e8a"
  integrity sha512-vFKC2IEtQnVhpT78h1Yp8wzwrf8CM+MzKMHGJZfBtzhZNycRFnXsHk6E5TxIkkMsgNS7mdX3AGB7x2QM2di4lA==

sort-object-keys@^2.0.1:
  version "2.1.0"
  resolved "https://registry.yarnpkg.com/sort-object-keys/-/sort-object-keys-2.1.0.tgz#af24fbb7b91fcca945399a04fa900a10f9506242"
  integrity sha512-SOiEnthkJKPv2L6ec6HMwhUcN0/lppkeYuN1x63PbyPRrgSPIuBJCiYxYyvWRTtjMlOi14vQUCGUJqS6PLVm8g==

sort-package-json@3.6.0:
  version "3.6.0"
  resolved "https://registry.yarnpkg.com/sort-package-json/-/sort-package-json-3.6.0.tgz#6333552770203a712a13e148a6baf06a164cba15"
  integrity sha512-fyJsPLhWvY7u2KsKPZn1PixbXp+1m7V8NWqU8CvgFRbMEX41Ffw1kD8n0CfJiGoaSfoAvbrqRRl/DcHO8omQOQ==
  dependencies:
    detect-indent "^7.0.2"
    detect-newline "^4.0.1"
    git-hooks-list "^4.1.1"
    is-plain-obj "^4.1.0"
    semver "^7.7.3"
    sort-object-keys "^2.0.1"
    tinyglobby "^0.2.15"

sort-package-keys@^2.0.0:
  version "2.0.0"
  resolved "https://registry.yarnpkg.com/sort-package-keys/-/sort-package-keys-2.0.0.tgz#1f6835ae04fc73f4ab4001c0a6a656552b59384e"
  integrity sha512-LD6yRNs9S5Z9D5+cBLYyfM/ZJfnJYp8UzGA8k/IWCOKCr9hEcGtPnESL6Esms5UnVRbkmZtqU942IT2ezNa0Yg==

tinyglobby@^0.2.15:
  version "0.2.15"
  resolved "https://registry.yarnpkg.com/tinyglobby/-/tinyglobby-0.2.15.tgz#e228dd1e638cea993d2fdb4fcd2d4602a79951c2"
  integrity sha512-j2Zq4NyQYG5XMST4cbs02Ak8iJUdxRM0XI5QyxXuZOzKOINmWurp3smXu3y5wDcJrptwpSjgXHzIQxR0omXljQ==
  dependencies:
    fdir "^6.5.0"
    picomatch "^4.0.3"
