# THIS IS AN AUTOGENERATED FILE. DO NOT EDIT THIS FILE DIRECTLY.
# yarn lockfile v1


"@biomejs/biome@^2.4.4":
  version "2.4.4"
  resolved "https://registry.yarnpkg.com/@biomejs/biome/-/biome-2.4.4.tgz#009d1751d061946b320e663e5894af60310f355a"
  integrity sha512-tigwWS5KfJf0cABVd52NVaXyAVv4qpUXOWJ1rxFL8xF1RVoeS2q/LK+FHgYoKMclJCuRoCWAPy1IXaN9/mS61Q==
  optionalDependencies:
    "@biomejs/cli-darwin-arm64" "2.4.4"
    "@biomejs/cli-darwin-x64" "2.4.4"
    "@biomejs/cli-linux-arm64" "2.4.4"
    "@biomejs/cli-linux-arm64-musl" "2.4.4"
    "@biomejs/cli-linux-x64" "2.4.4"
    "@biomejs/cli-linux-x64-musl" "2.4.4"
    "@biomejs/cli-win32-arm64" "2.4.4"
    "@biomejs/cli-win32-x64" "2.4.4"

"@biomejs/cli-darwin-arm64@2.4.4":
  version "2.4.4"
  resolved "https://registry.yarnpkg.com/@biomejs/cli-darwin-arm64/-/cli-darwin-arm64-2.4.4.tgz#a8af5254fcc9dda28a1da26125427df083a13579"
  integrity sha512-jZ+Xc6qvD6tTH5jM6eKX44dcbyNqJHssfl2nnwT6vma6B1sj7ZLTGIk6N5QwVBs5xGN52r3trk5fgd3sQ9We9A==

"@biomejs/cli-darwin-x64@2.4.4":
  version "2.4.4"
  resolved "https://registry.yarnpkg.com/@biomejs/cli-darwin-x64/-/cli-darwin-x64-2.4.4.tgz#6de17d5bb3afaf3275bc602fb7e61fefe31dab84"
  integrity sha512-Dh1a/+W+SUCXhEdL7TiX3ArPTFCQKJTI1mGncZNWfO+6suk+gYA4lNyJcBB+pwvF49uw0pEbUS49BgYOY4hzUg==

"@biomejs/cli-linux-arm64-musl@2.4.4":
  version "2.4.4"
  resolved "https://registry.yarnpkg.com/@biomejs/cli-linux-arm64-musl/-/cli-linux-arm64-musl-2.4.4.tgz#4c55afe87d555782f46e729212acd4e0411b1703"
  integrity sha512-+sPAXq3bxmFwhVFJnSwkSF5Rw2ZAJMH3MF6C9IveAEOdSpgajPhoQhbbAK12SehN9j2QrHpk4J/cHsa/HqWaYQ==

"@biomejs/cli-linux-arm64@2.4.4":
  version "2.4.4"
  resolved "https://registry.yarnpkg.com/@biomejs/cli-linux-arm64/-/cli-linux-arm64-2.4.4.tgz#2c8848461bd5195d3e887b0c9fc9c1b441c727ec"
  integrity sha512-V/NFfbWhsUU6w+m5WYbBenlEAz8eYnSqRMDMAW3K+3v0tYVkNyZn8VU0XPxk/lOqNXLSCCrV7FmV/u3SjCBShg==

"@biomejs/cli-linux-x64-musl@2.4.4":
  version "2.4.4"
  resolved "https://registry.yarnpkg.com/@biomejs/cli-linux-x64-musl/-/cli-linux-x64-musl-2.4.4.tgz#f40336d8c1534887c7ef4198b2b4772aca702ee8"
  integrity sha512-gGvFTGpOIQDb5CQ2VC0n9Z2UEqlP46c4aNgHmAMytYieTGEcfqhfCFnhs6xjt0S3igE6q5GLuIXtdQt3Izok+g==

"@biomejs/cli-linux-x64@2.4.4":
  version "2.4.4"
  resolved "https://registry.yarnpkg.com/@biomejs/cli-linux-x64/-/cli-linux-x64-2.4.4.tgz#397cadb0ec1e76a993d21ee424bcf2cf7976243e"
  integrity sha512-R4+ZCDtG9kHArasyBO+UBD6jr/FcFCTH8QkNTOCu0pRJzCWyWC4EtZa2AmUZB5h3e0jD7bRV2KvrENcf8rndBg==

"@biomejs/cli-win32-arm64@2.4.4":
  version "2.4.4"
  resolved "https://registry.yarnpkg.com/@biomejs/cli-win32-arm64/-/cli-win32-arm64-2.4.4.tgz#7d767c15ce20ee39bc1430c2057ccd0208cf12fe"
  integrity sha512-trzCqM7x+Gn832zZHgr28JoYagQNX4CZkUZhMUac2YxvvyDRLJDrb5m9IA7CaZLlX6lTQmADVfLEKP1et1Ma4Q==

"@biomejs/cli-win32-x64@2.4.4":
  version "2.4.4"
  resolved "https://registry.yarnpkg.com/@biomejs/cli-win32-x64/-/cli-win32-x64-2.4.4.tgz#998e87083ff9657a24b4b2f6afcb803a2e820000"
  integrity sha512-gnOHKVPFAAPrpoPt2t+Q6FZ7RPry/FDV3GcpU53P3PtLNnQjBmKyN2Vh/JtqXet+H4pme8CC76rScwdjDcT1/A==

"@tenedev/prettier-config@^1.1.1":
  version "1.1.1"
  resolved "https://registry.yarnpkg.com/@tenedev/prettier-config/-/prettier-config-1.1.1.tgz#6eb072e3e4e7af0b3495d6b3232f274440ef5e60"
  integrity sha512-C26tT5lhblH4Rddj1ITWWsjyFnhFEYXvNfQuW+KC8mU+dhqR+tUhgbmF+0FrtmhY+zNeKyOahjHUPZTMx6CHcQ==
  dependencies:
    prettier-plugin-packagejson "^3.0.0"
    sort-package-keys "^2.0.0"

detect-indent@^7.0.2:
  version "7.0.2"
  resolved "https://registry.yarnpkg.com/detect-indent/-/detect-indent-7.0.2.tgz#16c516bf75d4b2f759f68214554996d467c8d648"
  integrity sha512-y+8xyqdGLL+6sh0tVeHcfP/QDd8gUgbasolJJpY7NgeQGSZ739bDtSiaiDgtoicy+mtYB81dKLxO9xRhCyIB3A==

detect-newline@^4.0.1:
  version "4.0.1"
  resolved "https://registry.yarnpkg.com/detect-newline/-/detect-newline-4.0.1.tgz#fcefdb5713e1fb8cb2839b8b6ee22e6716ab8f23"
  integrity sha512-qE3Veg1YXzGHQhlA6jzebZN2qVf6NX+A7m7qlhCGG30dJixrAQhYOsJjsnBjJkCSmuOPpCk30145fr8FV0bzog==

fdir@^6.5.0:
  version "6.5.0"
  resolved "https://registry.yarnpkg.com/fdir/-/fdir-6.5.0.tgz#ed2ab967a331ade62f18d077dae192684d50d350"
  integrity sha512-tIbYtZbucOs0BRGqPJkshJUYdL+SDH7dVM8gjy+ERp3WAUjLEFJE+02kanyHtwjWOnwrKYBiwAmM0p4kLJAnXg==

git-hooks-list@^4.1.1:
  version "4.2.1"
  resolved "https://registry.yarnpkg.com/git-hooks-list/-/git-hooks-list-4.2.1.tgz#82b3ad119ec2da8a6d57228bd68d8e432afc418c"
  integrity sha512-WNvqJjOxxs/8ZP9+DWdwWJ7cDsd60NHf39XnD82pDVrKO5q7xfPqpkK6hwEAmBa/ZSEE4IOoR75EzbbIuwGlMw==

is-plain-obj@^4.1.0:
  version "4.1.0"
  resolved "https://registry.yarnpkg.com/is-plain-obj/-/is-plain-obj-4.1.0.tgz#d65025edec3657ce032fd7db63c97883eaed71f0"
  integrity sha512-+Pgi+vMuUNkJyExiMBt5IlFoMyKnr5zhJ4Uspz58WOhBF5QoIZkFyNHIbBAtHwzVAgk5RtndVNsDRN61/mmDqg==

picomatch@^4.0.3:
  version "4.0.3"
  resolved "https://registry.yarnpkg.com/picomatch/-/picomatch-4.0.3.tgz#796c76136d1eead715db1e7bad785dedd695a042"
  integrity sha512-5gTmgEY/sqK6gFXLIsQNH19lWb4ebPDLA4SdLP7dsWkIXHWlG66oPuVvXSGFPppYZz8ZDZq0dYYrbHfBCVUb1Q==

prettier-plugin-packagejson@^3.0.0:
  version "3.0.0"
  resolved "https://registry.yarnpkg.com/prettier-plugin-packagejson/-/prettier-plugin-packagejson-3.0.0.tgz#11f64b463b6da8c73ce86dabde529699cde3f6d8"
  integrity sha512-z8/QmPSqx/ANvvQMWJSkSq1+ihBXeuwDEYdjX3ZjRJ5Ty1k7vGbFQfhzk2eDe0rwS/TNyRjWK/qnjJEStAOtDw==
  dependencies:
    sort-package-json "3.6.0"

prettier@3.8.1:
  version "3.8.1"
  resolved "https://registry.yarnpkg.com/prettier/-/prettier-3.8.1.tgz#edf48977cf991558f4fcbd8a3ba6015ba2a3a173"
  integrity sha512-UOnG6LftzbdaHZcKoPFtOcCKztrQ57WkHDeRD9t/PTQtmT0NHSeWWepj6pS0z/N7+08BHFDQVUrfmfMRcZwbMg==

semver@^7.7.3:
  version "7.7.4"
  resolved "https://registry.yarnpkg.com/semver/-/semver-7.7.4.tgz#28464e36060e991fa7a11d0279d2d3f3b57a7e8a"
  integrity sha512-vFKC2IEtQnVhpT78h1Yp8wzwrf8CM+MzKMHGJZfBtzhZNycRFnXsHk6E5TxIkkMsgNS7mdX3AGB7x2QM2di4lA==

sort-object-keys@^2.0.1:
  version "2.1.0"
  resolved "https://registry.yarnpkg.com/sort-object-keys/-/sort-object-keys-2.1.0.tgz#af24fbb7b91fcca945399a04fa900a10f9506242"
  integrity sha512-SOiEnthkJKPv2L6ec6HMwhUcN0/lppkeYuN1x63PbyPRrgSPIuBJCiYxYyvWRTtjMlOi14vQUCGUJqS6PLVm8g==

sort-package-json@3.6.0:
  version "3.6.0"
  resolved "https://registry.yarnpkg.com/sort-package-json/-/sort-package-json-3.6.0.tgz#6333552770203a712a13e148a6baf06a164cba15"
  integrity sha512-fyJsPLhWvY7u2KsKPZn1PixbXp+1m7V8NWqU8CvgFRbMEX41Ffw1kD8n0CfJiGoaSfoAvbrqRRl/DcHO8omQOQ==
  dependencies:
    detect-indent "^7.0.2"
    detect-newline "^4.0.1"
    git-hooks-list "^4.1.1"
    is-plain-obj "^4.1.0"
    semver "^7.7.3"
    sort-object-keys "^2.0.1"
    tinyglobby "^0.2.15"

sort-package-keys@^2.0.0:
  version "2.0.0"
  resolved "https://registry.yarnpkg.com/sort-package-keys/-/sort-package-keys-2.0.0.tgz#1f6835ae04fc73f4ab4001c0a6a656552b59384e"
  integrity sha512-LD6yRNs9S5Z9D5+cBLYyfM/ZJfnJYp8UzGA8k/IWCOKCr9hEcGtPnESL6Esms5UnVRbkmZtqU942IT2ezNa0Yg==

tinyglobby@^0.2.15:
  version "0.2.15"
  resolved "https://registry.yarnpkg.com/tinyglobby/-/tinyglobby-0.2.15.tgz#e228dd1e638cea993d2fdb4fcd2d4602a79951c2"
  integrity sha512-j2Zq4NyQYG5XMST4cbs02Ak8iJUdxRM0XI5QyxXuZOzKOINmWurp3smXu3y5wDcJrptwpSjgXHzIQxR0omXljQ==
  dependencies:
    fdir "^6.5.0"
    picomatch "^4.0.3"
