# THIS IS AN AUTOGENERATED FILE. DO NOT EDIT THIS FILE DIRECTLY.
# yarn lockfile v1


"@biomejs/biome@^2.4.4":
  version "2.4.7"
  resolved "https://registry.yarnpkg.com/@biomejs/biome/-/biome-2.4.7.tgz#bd3e8dd8c5db834d9d140926e4826f1fb7a04018"
  integrity sha512-vXrgcmNGZ4lpdwZSpMf1hWw1aWS6B+SyeSYKTLrNsiUsAdSRN0J4d/7mF3ogJFbIwFFSOL3wT92Zzxia/d5/ng==
  optionalDependencies:
    "@biomejs/cli-darwin-arm64" "2.4.7"
    "@biomejs/cli-darwin-x64" "2.4.7"
    "@biomejs/cli-linux-arm64" "2.4.7"
    "@biomejs/cli-linux-arm64-musl" "2.4.7"
    "@biomejs/cli-linux-x64" "2.4.7"
    "@biomejs/cli-linux-x64-musl" "2.4.7"
    "@biomejs/cli-win32-arm64" "2.4.7"
    "@biomejs/cli-win32-x64" "2.4.7"

"@biomejs/cli-darwin-arm64@2.4.7":
  version "2.4.7"
  resolved "https://registry.yarnpkg.com/@biomejs/cli-darwin-arm64/-/cli-darwin-arm64-2.4.7.tgz#5f6e21b6948b5352720babbbb88d83b3b5a43b55"
  integrity sha512-Oo0cF5mHzmvDmTXw8XSjhCia8K6YrZnk7aCS54+/HxyMdZMruMO3nfpDsrlar/EQWe41r1qrwKiCa2QDYHDzWA==

"@biomejs/cli-darwin-x64@2.4.7":
  version "2.4.7"
  resolved "https://registry.yarnpkg.com/@biomejs/cli-darwin-x64/-/cli-darwin-x64-2.4.7.tgz#a320c487807687942fe4f7f2e6216fb1e08ca234"
  integrity sha512-I+cOG3sd/7HdFtvDSnF9QQPrWguUH7zrkIMMykM3PtfWU9soTcS2yRb9Myq6MHmzbeCT08D1UmY+BaiMl5CcoQ==

"@biomejs/cli-linux-arm64-musl@2.4.7":
  version "2.4.7"
  resolved "https://registry.yarnpkg.com/@biomejs/cli-linux-arm64-musl/-/cli-linux-arm64-musl-2.4.7.tgz#443e1518801a56cba17f2486551e41638901b10e"
  integrity sha512-I2NvM9KPb09jWml93O2/5WMfNR7Lee5Latag1JThDRMURVhPX74p9UDnyTw3Ae6cE1DgXfw7sqQgX7rkvpc0vw==

"@biomejs/cli-linux-arm64@2.4.7":
  version "2.4.7"
  resolved "https://registry.yarnpkg.com/@biomejs/cli-linux-arm64/-/cli-linux-arm64-2.4.7.tgz#9da6f8a5480f17ec2391febddeb411fd3a1847c5"
  integrity sha512-om6FugwmibzfP/6ALj5WRDVSND4H2G9X0nkI1HZpp2ySf9lW2j0X68oQSaHEnls6666oy4KDsc5RFjT4m0kV0w==

"@biomejs/cli-linux-x64-musl@2.4.7":
  version "2.4.7"
  resolved "https://registry.yarnpkg.com/@biomejs/cli-linux-x64-musl/-/cli-linux-x64-musl-2.4.7.tgz#c654d3ef74bbdaf0c9919e6fc030af3e3c5dadef"
  integrity sha512-00kx4YrBMU8374zd2wHuRV5wseh0rom5HqRND+vDldJPrWwQw+mzd/d8byI9hPx926CG+vWzq6AeiT7Yi5y59g==

"@biomejs/cli-linux-x64@2.4.7":
  version "2.4.7"
  resolved "https://registry.yarnpkg.com/@biomejs/cli-linux-x64/-/cli-linux-x64-2.4.7.tgz#d0a07bc9185a27a7cbcb846adf14ee9fc7a38a5d"
  integrity sha512-bV8/uo2Tj+gumnk4sUdkerWyCPRabaZdv88IpbmDWARQQoA/Q0YaqPz1a+LSEDIL7OfrnPi9Hq1Llz4ZIGyIQQ==

"@biomejs/cli-win32-arm64@2.4.7":
  version "2.4.7"
  resolved "https://registry.yarnpkg.com/@biomejs/cli-win32-arm64/-/cli-win32-arm64-2.4.7.tgz#4b0c2497050273c2cf587fdb66d5b3c4cd2f9fe3"
  integrity sha512-hOUHBMlFCvDhu3WCq6vaBoG0dp0LkWxSEnEEsxxXvOa9TfT6ZBnbh72A/xBM7CBYB7WgwqboetzFEVDnMxelyw==

"@biomejs/cli-win32-x64@2.4.7":
  version "2.4.7"
  resolved "https://registry.yarnpkg.com/@biomejs/cli-win32-x64/-/cli-win32-x64-2.4.7.tgz#952a06ac73f36e7c16d984bf2c0de0b619aa67b5"
  integrity sha512-qEpGjSkPC3qX4ycbMUthXvi9CkRq7kZpkqMY1OyhmYlYLnANnooDQ7hDerM8+0NJ+DZKVnsIc07h30XOpt7LtQ==

"@tenedev/prettier-config@^1.1.1":
  version "1.2.0"
  resolved "https://registry.yarnpkg.com/@tenedev/prettier-config/-/prettier-config-1.2.0.tgz#c9e7397666e9d38c2d4f1e96a30235caad6db844"
  integrity sha512-po56vuqM1A4saDNJ9zLAvKdVv1cuD7DDVmfsYMrDDfKRJ1FsGtDb3pYN0YPIjzyYvWzoihF+ImVPBaihNQXH4Q==
  dependencies:
    prettier-plugin-packagejson "^3.0.0"
    sort-package-keys "^2.0.0"

detect-indent@^7.0.2:
  version "7.0.2"
  resolved "https://registry.yarnpkg.com/detect-indent/-/detect-indent-7.0.2.tgz#16c516bf75d4b2f759f68214554996d467c8d648"
  integrity sha512-y+8xyqdGLL+6sh0tVeHcfP/QDd8gUgbasolJJpY7NgeQGSZ739bDtSiaiDgtoicy+mtYB81dKLxO9xRhCyIB3A==

detect-newline@^4.0.1:
  version "4.0.1"
  resolved "https://registry.yarnpkg.com/detect-newline/-/detect-newline-4.0.1.tgz#fcefdb5713e1fb8cb2839b8b6ee22e6716ab8f23"
  integrity sha512-qE3Veg1YXzGHQhlA6jzebZN2qVf6NX+A7m7qlhCGG30dJixrAQhYOsJjsnBjJkCSmuOPpCk30145fr8FV0bzog==

fdir@^6.5.0:
  version "6.5.0"
  resolved "https://registry.yarnpkg.com/fdir/-/fdir-6.5.0.tgz#ed2ab967a331ade62f18d077dae192684d50d350"
  integrity sha512-tIbYtZbucOs0BRGqPJkshJUYdL+SDH7dVM8gjy+ERp3WAUjLEFJE+02kanyHtwjWOnwrKYBiwAmM0p4kLJAnXg==

git-hooks-list@^4.1.1:
  version "4.2.1"
  resolved "https://registry.yarnpkg.com/git-hooks-list/-/git-hooks-list-4.2.1.tgz#82b3ad119ec2da8a6d57228bd68d8e432afc418c"
  integrity sha512-WNvqJjOxxs/8ZP9+DWdwWJ7cDsd60NHf39XnD82pDVrKO5q7xfPqpkK6hwEAmBa/ZSEE4IOoR75EzbbIuwGlMw==

is-plain-obj@^4.1.0:
  version "4.1.0"
  resolved "https://registry.yarnpkg.com/is-plain-obj/-/is-plain-obj-4.1.0.tgz#d65025edec3657ce032fd7db63c97883eaed71f0"
  integrity sha512-+Pgi+vMuUNkJyExiMBt5IlFoMyKnr5zhJ4Uspz58WOhBF5QoIZkFyNHIbBAtHwzVAgk5RtndVNsDRN61/mmDqg==

picomatch@^4.0.3:
  version "4.0.3"
  resolved "https://registry.yarnpkg.com/picomatch/-/picomatch-4.0.3.tgz#796c76136d1eead715db1e7bad785dedd695a042"
  integrity sha512-5gTmgEY/sqK6gFXLIsQNH19lWb4ebPDLA4SdLP7dsWkIXHWlG66oPuVvXSGFPppYZz8ZDZq0dYYrbHfBCVUb1Q==

prettier-plugin-packagejson@^3.0.0:
  version "3.0.2"
  resolved "https://registry.yarnpkg.com/prettier-plugin-packagejson/-/prettier-plugin-packagejson-3.0.2.tgz#2b83040eedb275ef888d5ad544e7d51019dc1200"
  integrity sha512-kmoj3hEynXwoHDo8ZhmWAIjRBoQWCDUVackiWfSDWdgD0rS3LGB61T9zoVbume/cotYdCoadUh4sqViAmXvpBQ==
  dependencies:
    sort-package-json "^3.6.0"

prettier@3.8.1:
  version "3.8.1"
  resolved "https://registry.yarnpkg.com/prettier/-/prettier-3.8.1.tgz#edf48977cf991558f4fcbd8a3ba6015ba2a3a173"
  integrity sha512-UOnG6LftzbdaHZcKoPFtOcCKztrQ57WkHDeRD9t/PTQtmT0NHSeWWepj6pS0z/N7+08BHFDQVUrfmfMRcZwbMg==

semver@^7.7.3:
  version "7.7.4"
  resolved "https://registry.yarnpkg.com/semver/-/semver-7.7.4.tgz#28464e36060e991fa7a11d0279d2d3f3b57a7e8a"
  integrity sha512-vFKC2IEtQnVhpT78h1Yp8wzwrf8CM+MzKMHGJZfBtzhZNycRFnXsHk6E5TxIkkMsgNS7mdX3AGB7x2QM2di4lA==

sort-object-keys@^2.0.1:
  version "2.1.0"
  resolved "https://registry.yarnpkg.com/sort-object-keys/-/sort-object-keys-2.1.0.tgz#af24fbb7b91fcca945399a04fa900a10f9506242"
  integrity sha512-SOiEnthkJKPv2L6ec6HMwhUcN0/lppkeYuN1x63PbyPRrgSPIuBJCiYxYyvWRTtjMlOi14vQUCGUJqS6PLVm8g==

sort-package-json@^3.6.0:
  version "3.6.1"
  resolved "https://registry.yarnpkg.com/sort-package-json/-/sort-package-json-3.6.1.tgz#901fe21d335af97d436383ac5b7c16c85cd3fac4"
  integrity sha512-Chgejw1+10p2D0U2tB7au1lHtz6TkFnxmvZktyBCRyV0GgmF6nl1IxXxAsPtJVsUyg/fo+BfCMAVVFUVRkAHrQ==
  dependencies:
    detect-indent "^7.0.2"
    detect-newline "^4.0.1"
    git-hooks-list "^4.1.1"
    is-plain-obj "^4.1.0"
    semver "^7.7.3"
    sort-object-keys "^2.0.1"
    tinyglobby "^0.2.15"

sort-package-keys@^2.0.0:
  version "2.0.0"
  resolved "https://registry.yarnpkg.com/sort-package-keys/-/sort-package-keys-2.0.0.tgz#1f6835ae04fc73f4ab4001c0a6a656552b59384e"
  integrity sha512-LD6yRNs9S5Z9D5+cBLYyfM/ZJfnJYp8UzGA8k/IWCOKCr9hEcGtPnESL6Esms5UnVRbkmZtqU942IT2ezNa0Yg==

tinyglobby@^0.2.15:
  version "0.2.15"
  resolved "https://registry.yarnpkg.com/tinyglobby/-/tinyglobby-0.2.15.tgz#e228dd1e638cea993d2fdb4fcd2d4602a79951c2"
  integrity sha512-j2Zq4NyQYG5XMST4cbs02Ak8iJUdxRM0XI5QyxXuZOzKOINmWurp3smXu3y5wDcJrptwpSjgXHzIQxR0omXljQ==
  dependencies:
    fdir "^6.5.0"
    picomatch "^4.0.3"
